
Microsoft Visual Studio Solution File, Format Version 12.00
# Visual Studio Version 17
VisualStudioVersion = 17.12.35527.113
MinimumVisualStudioVersion = 10.0.40219.1
Project("{FAE04EC0-301F-11D3-BF4B-00C04F79EFBC}") = "TechnicalSupport.DataConnector", "data-connector\TechnicalSupport.DataConnector.csproj", "{7E367BB5-1BEA-4375-8157-29125BAFE3C6}"
EndProject
Project("{FAE04EC0-301F-11D3-BF4B-00C04F79EFBC}") = "TechnicalSupport.FrontEnd", "custom-front-end\TechnicalSupport.FrontEnd.csproj", "{90478EDB-EC60-472C-9C68-BCD9FE2BED1F}"
EndProject
Project("{2150E333-8FDC-42A3-9474-1A3956D46DE8}") = "namespace-cleaner", "namespace-cleaner", "{14759E3C-60F8-1114-23EE-E2B35EA60F22}"
EndProject
Project("{FAE04EC0-301F-11D3-BF4B-00C04F79EFBC}") = "TechnicalSupport.NamespaceCleaner", "namespace-cleaner\TechnicalSupport.NamespaceCleaner.csproj", "{8B0C561F-7E01-4E93-BA16-67B1D35A6875}"
EndProject
Global
	GlobalSection(SolutionConfigurationPlatforms) = preSolution
		Debug|Any CPU = Debug|Any CPU
		Debug|x64 = Debug|x64
		Debug|x86 = Debug|x86
		Release|Any CPU = Release|Any CPU
		Release|x64 = Release|x64
		Release|x86 = Release|x86
	EndGlobalSection
	GlobalSection(ProjectConfigurationPlatforms) = postSolution
		{7E367BB5-1BEA-4375-8157-29125BAFE3C6}.Debug|Any CPU.ActiveCfg = Debug|Any CPU
		{7E367BB5-1BEA-4375-8157-29125BAFE3C6}.Debug|Any CPU.Build.0 = Debug|Any CPU
		{7E367BB5-1BEA-4375-8157-29125BAFE3C6}.Debug|x64.ActiveCfg = Debug|Any CPU
		{7E367BB5-1BEA-4375-8157-29125BAFE3C6}.Debug|x64.Build.0 = Debug|Any CPU
		{7E367BB5-1BEA-4375-8157-29125BAFE3C6}.Debug|x86.ActiveCfg = Debug|Any CPU
		{7E367BB5-1BEA-4375-8157-29125BAFE3C6}.Debug|x86.Build.0 = Debug|Any CPU
		{7E367BB5-1BEA-4375-8157-29125BAFE3C6}.Release|Any CPU.ActiveCfg = Release|Any CPU
		{7E367BB5-1BEA-4375-8157-29125BAFE3C6}.Release|Any CPU.Build.0 = Release|Any CPU
		{7E367BB5-1BEA-4375-8157-29125BAFE3C6}.Release|x64.ActiveCfg = Release|Any CPU
		{7E367BB5-1BEA-4375-8157-29125BAFE3C6}.Release|x64.Build.0 = Release|Any CPU
		{7E367BB5-1BEA-4375-8157-29125BAFE3C6}.Release|x86.ActiveCfg = Release|Any CPU
		{7E367BB5-1BEA-4375-8157-29125BAFE3C6}.Release|x86.Build.0 = Release|Any CPU
		{90478EDB-EC60-472C-9C68-BCD9FE2BED1F}.Debug|Any CPU.ActiveCfg = Debug|Any CPU
		{90478EDB-EC60-472C-9C68-BCD9FE2BED1F}.Debug|Any CPU.Build.0 = Debug|Any CPU
		{90478EDB-EC60-472C-9C68-BCD9FE2BED1F}.Debug|x64.ActiveCfg = Debug|Any CPU
		{90478EDB-EC60-472C-9C68-BCD9FE2BED1F}.Debug|x64.Build.0 = Debug|Any CPU
		{90478EDB-EC60-472C-9C68-BCD9FE2BED1F}.Debug|x86.ActiveCfg = Debug|Any CPU
		{90478EDB-EC60-472C-9C68-BCD9FE2BED1F}.Debug|x86.Build.0 = Debug|Any CPU
		{90478EDB-EC60-472C-9C68-BCD9FE2BED1F}.Release|Any CPU.ActiveCfg = Release|Any CPU
		{90478EDB-EC60-472C-9C68-BCD9FE2BED1F}.Release|Any CPU.Build.0 = Release|Any CPU
		{90478EDB-EC60-472C-9C68-BCD9FE2BED1F}.Release|x64.ActiveCfg = Release|Any CPU
		{90478EDB-EC60-472C-9C68-BCD9FE2BED1F}.Release|x64.Build.0 = Release|Any CPU
		{90478EDB-EC60-472C-9C68-BCD9FE2BED1F}.Release|x86.ActiveCfg = Release|Any CPU
		{90478EDB-EC60-472C-9C68-BCD9FE2BED1F}.Release|x86.Build.0 = Release|Any CPU
		{8B0C561F-7E01-4E93-BA16-67B1D35A6875}.Debug|Any CPU.ActiveCfg = Debug|Any CPU
		{8B0C561F-7E01-4E93-BA16-67B1D35A6875}.Debug|Any CPU.Build.0 = Debug|Any CPU
		{8B0C561F-7E01-4E93-BA16-67B1D35A6875}.Debug|x64.ActiveCfg = Debug|Any CPU
		{8B0C561F-7E01-4E93-BA16-67B1D35A6875}.Debug|x64.Build.0 = Debug|Any CPU
		{8B0C561F-7E01-4E93-BA16-67B1D35A6875}.Debug|x86.ActiveCfg = Debug|Any CPU
		{8B0C561F-7E01-4E93-BA16-67B1D35A6875}.Debug|x86.Build.0 = Debug|Any CPU
		{8B0C561F-7E01-4E93-BA16-67B1D35A6875}.Release|Any CPU.ActiveCfg = Release|Any CPU
		{8B0C561F-7E01-4E93-BA16-67B1D35A6875}.Release|Any CPU.Build.0 = Release|Any CPU
		{8B0C561F-7E01-4E93-BA16-67B1D35A6875}.Release|x64.ActiveCfg = Release|Any CPU
		{8B0C561F-7E01-4E93-BA16-67B1D35A6875}.Release|x64.Build.0 = Release|Any CPU
		{8B0C561F-7E01-4E93-BA16-67B1D35A6875}.Release|x86.ActiveCfg = Release|Any CPU
		{8B0C561F-7E01-4E93-BA16-67B1D35A6875}.Release|x86.Build.0 = Release|Any CPU
	EndGlobalSection
	GlobalSection(SolutionProperties) = preSolution
		HideSolutionNode = FALSE
	EndGlobalSection
	GlobalSection(NestedProjects) = preSolution
		{8B0C561F-7E01-4E93-BA16-67B1D35A6875} = {14759E3C-60F8-1114-23EE-E2B35EA60F22}
	EndGlobalSection
EndGlobal
